version = 1
requires-python = ">=3.12"

[[package]]
name = "annotated-types"
version = "0.7.0"
source = { registry = "https://pypi.org/simple" }
sdist = { url = "https://files.pythonhosted.org/packages/ee/67/531ea369ba64dcff5ec9c3402f9f51bf748cec26dde048a2f973a4eea7f5/annotated_types-0.7.0.tar.gz", hash = "sha256:aff07c09a53a08bc8cfccb9c85b05f1aa9a2a6f23728d790723543408344ce89", size = 16081 }
wheels = [
    { url = "https://files.pythonhosted.org/packages/78/b6/6307fbef88d9b5ee7421e68d78a9f162e0da4900bc5f5793f6d3d0e34fb8/annotated_types-0.7.0-py3-none-any.whl", hash = "sha256:1f02e8b43a8fbbc3f3e0d4f0f4bfc8131bcb4eebe8849b8e5c773f3a1c582a53", size = 13643 },
]

[[package]]
name = "cffi"
version = "1.17.1"
source = { registry = "https://pypi.org/simple" }
dependencies = [
    { name = "pycparser" },
]
sdist = { url = "https://files.pythonhosted.org/packages/fc/97/c783634659c2920c3fc70419e3af40972dbaf758daa229a7d6ea6135c90d/cffi-1.17.1.tar.gz", hash = "sha256:1c39c6016c32bc48dd54561950ebd6836e1670f2ae46128f67cf49e789c52824", size = 516621 }
wheels = [
    { url = "https://files.pythonhosted.org/packages/5a/84/e94227139ee5fb4d600a7a4927f322e1d4aea6fdc50bd3fca8493caba23f/cffi-1.17.1-cp312-cp312-macosx_10_9_x86_64.whl", hash = "sha256:805b4371bf7197c329fcb3ead37e710d1bca9da5d583f5073b799d5c5bd1eee4", size = 183178 },
    { url = "https://files.pythonhosted.org/packages/da/ee/fb72c2b48656111c4ef27f0f91da355e130a923473bf5ee75c5643d00cca/cffi-1.17.1-cp312-cp312-macosx_11_0_arm64.whl", hash = "sha256:733e99bc2df47476e3848417c5a4540522f234dfd4ef3ab7fafdf555b082ec0c", size = 178840 },
    { url = "https://files.pythonhosted.org/packages/cc/b6/db007700f67d151abadf508cbfd6a1884f57eab90b1bb985c4c8c02b0f28/cffi-1.17.1-cp312-cp312-manylinux_2_12_i686.manylinux2010_i686.manylinux_2_17_i686.manylinux2014_i686.whl", hash = "sha256:1257bdabf294dceb59f5e70c64a3e2f462c30c7ad68092d01bbbfb1c16b1ba36", size = 454803 },
    { url = "https://files.pythonhosted.org/packages/1a/df/f8d151540d8c200eb1c6fba8cd0dfd40904f1b0682ea705c36e6c2e97ab3/cffi-1.17.1-cp312-cp312-manylinux_2_17_aarch64.manylinux2014_aarch64.whl", hash = "sha256:da95af8214998d77a98cc14e3a3bd00aa191526343078b530ceb0bd710fb48a5", size = 478850 },
    { url = "https://files.pythonhosted.org/packages/28/c0/b31116332a547fd2677ae5b78a2ef662dfc8023d67f41b2a83f7c2aa78b1/cffi-1.17.1-cp312-cp312-manylinux_2_17_ppc64le.manylinux2014_ppc64le.whl", hash = "sha256:d63afe322132c194cf832bfec0dc69a99fb9bb6bbd550f161a49e9e855cc78ff", size = 485729 },
    { url = "https://files.pythonhosted.org/packages/91/2b/9a1ddfa5c7f13cab007a2c9cc295b70fbbda7cb10a286aa6810338e60ea1/cffi-1.17.1-cp312-cp312-manylinux_2_17_s390x.manylinux2014_s390x.whl", hash = "sha256:f79fc4fc25f1c8698ff97788206bb3c2598949bfe0fef03d299eb1b5356ada99", size = 471256 },
    { url = "https://files.pythonhosted.org/packages/b2/d5/da47df7004cb17e4955df6a43d14b3b4ae77737dff8bf7f8f333196717bf/cffi-1.17.1-cp312-cp312-manylinux_2_17_x86_64.manylinux2014_x86_64.whl", hash = "sha256:b62ce867176a75d03a665bad002af8e6d54644fad99a3c70905c543130e39d93", size = 479424 },
    { url = "https://files.pythonhosted.org/packages/0b/ac/2a28bcf513e93a219c8a4e8e125534f4f6db03e3179ba1c45e949b76212c/cffi-1.17.1-cp312-cp312-musllinux_1_1_aarch64.whl", hash = "sha256:386c8bf53c502fff58903061338ce4f4950cbdcb23e2902d86c0f722b786bbe3", size = 484568 },
    { url = "https://files.pythonhosted.org/packages/d4/38/ca8a4f639065f14ae0f1d9751e70447a261f1a30fa7547a828ae08142465/cffi-1.17.1-cp312-cp312-musllinux_1_1_x86_64.whl", hash = "sha256:4ceb10419a9adf4460ea14cfd6bc43d08701f0835e979bf821052f1805850fe8", size = 488736 },
    { url = "https://files.pythonhosted.org/packages/86/c5/28b2d6f799ec0bdecf44dced2ec5ed43e0eb63097b0f58c293583b406582/cffi-1.17.1-cp312-cp312-win32.whl", hash = "sha256:a08d7e755f8ed21095a310a693525137cfe756ce62d066e53f502a83dc550f65", size = 172448 },
    { url = "https://files.pythonhosted.org/packages/50/b9/db34c4755a7bd1cb2d1603ac3863f22bcecbd1ba29e5ee841a4bc510b294/cffi-1.17.1-cp312-cp312-win_amd64.whl", hash = "sha256:51392eae71afec0d0c8fb1a53b204dbb3bcabcb3c9b807eedf3e1e6ccf2de903", size = 181976 },
    { url = "https://files.pythonhosted.org/packages/8d/f8/dd6c246b148639254dad4d6803eb6a54e8c85c6e11ec9df2cffa87571dbe/cffi-1.17.1-cp313-cp313-macosx_10_13_x86_64.whl", hash = "sha256:f3a2b4222ce6b60e2e8b337bb9596923045681d71e5a082783484d845390938e", size = 182989 },
    { url = "https://files.pythonhosted.org/packages/8b/f1/672d303ddf17c24fc83afd712316fda78dc6fce1cd53011b839483e1ecc8/cffi-1.17.1-cp313-cp313-macosx_11_0_arm64.whl", hash = "sha256:0984a4925a435b1da406122d4d7968dd861c1385afe3b45ba82b750f229811e2", size = 178802 },
    { url = "https://files.pythonhosted.org/packages/0e/2d/eab2e858a91fdff70533cab61dcff4a1f55ec60425832ddfdc9cd36bc8af/cffi-1.17.1-cp313-cp313-manylinux_2_12_i686.manylinux2010_i686.manylinux_2_17_i686.manylinux2014_i686.whl", hash = "sha256:d01b12eeeb4427d3110de311e1774046ad344f5b1a7403101878976ecd7a10f3", size = 454792 },
    { url = "https://files.pythonhosted.org/packages/75/b2/fbaec7c4455c604e29388d55599b99ebcc250a60050610fadde58932b7ee/cffi-1.17.1-cp313-cp313-manylinux_2_17_aarch64.manylinux2014_aarch64.whl", hash = "sha256:706510fe141c86a69c8ddc029c7910003a17353970cff3b904ff0686a5927683", size = 478893 },
    { url = "https://files.pythonhosted.org/packages/4f/b7/6e4a2162178bf1935c336d4da8a9352cccab4d3a5d7914065490f08c0690/cffi-1.17.1-cp313-cp313-manylinux_2_17_ppc64le.manylinux2014_ppc64le.whl", hash = "sha256:de55b766c7aa2e2a3092c51e0483d700341182f08e67c63630d5b6f200bb28e5", size = 485810 },
    { url = "https://files.pythonhosted.org/packages/c7/8a/1d0e4a9c26e54746dc08c2c6c037889124d4f59dffd853a659fa545f1b40/cffi-1.17.1-cp313-cp313-manylinux_2_17_s390x.manylinux2014_s390x.whl", hash = "sha256:c59d6e989d07460165cc5ad3c61f9fd8f1b4796eacbd81cee78957842b834af4", size = 471200 },
    { url = "https://files.pythonhosted.org/packages/26/9f/1aab65a6c0db35f43c4d1b4f580e8df53914310afc10ae0397d29d697af4/cffi-1.17.1-cp313-cp313-manylinux_2_17_x86_64.manylinux2014_x86_64.whl", hash = "sha256:dd398dbc6773384a17fe0d3e7eeb8d1a21c2200473ee6806bb5e6a8e62bb73dd", size = 479447 },
    { url = "https://files.pythonhosted.org/packages/5f/e4/fb8b3dd8dc0e98edf1135ff067ae070bb32ef9d509d6cb0f538cd6f7483f/cffi-1.17.1-cp313-cp313-musllinux_1_1_aarch64.whl", hash = "sha256:3edc8d958eb099c634dace3c7e16560ae474aa3803a5df240542b305d14e14ed", size = 484358 },
    { url = "https://files.pythonhosted.org/packages/f1/47/d7145bf2dc04684935d57d67dff9d6d795b2ba2796806bb109864be3a151/cffi-1.17.1-cp313-cp313-musllinux_1_1_x86_64.whl", hash = "sha256:72e72408cad3d5419375fc87d289076ee319835bdfa2caad331e377589aebba9", size = 488469 },
    { url = "https://files.pythonhosted.org/packages/bf/ee/f94057fa6426481d663b88637a9a10e859e492c73d0384514a17d78ee205/cffi-1.17.1-cp313-cp313-win32.whl", hash = "sha256:e03eab0a8677fa80d646b5ddece1cbeaf556c313dcfac435ba11f107ba117b5d", size = 172475 },
    { url = "https://files.pythonhosted.org/packages/7c/fc/6a8cb64e5f0324877d503c854da15d76c1e50eb722e320b15345c4d0c6de/cffi-1.17.1-cp313-cp313-win_amd64.whl", hash = "sha256:f6a16c31041f09ead72d69f583767292f750d24913dadacf5756b966aacb3f1a", size = 182009 },
]

[[package]]
name = "cryptography"
version = "44.0.0"
source = { registry = "https://pypi.org/simple" }
dependencies = [
    { name = "cffi", marker = "platform_python_implementation != 'PyPy'" },
]
sdist = { url = "https://files.pythonhosted.org/packages/91/4c/45dfa6829acffa344e3967d6006ee4ae8be57af746ae2eba1c431949b32c/cryptography-44.0.0.tar.gz", hash = "sha256:cd4e834f340b4293430701e772ec543b0fbe6c2dea510a5286fe0acabe153a02", size = 710657 }
wheels = [
    { url = "https://files.pythonhosted.org/packages/55/09/8cc67f9b84730ad330b3b72cf867150744bf07ff113cda21a15a1c6d2c7c/cryptography-44.0.0-cp37-abi3-macosx_10_9_universal2.whl", hash = "sha256:84111ad4ff3f6253820e6d3e58be2cc2a00adb29335d4cacb5ab4d4d34f2a123", size = 6541833 },
    { url = "https://files.pythonhosted.org/packages/7e/5b/3759e30a103144e29632e7cb72aec28cedc79e514b2ea8896bb17163c19b/cryptography-44.0.0-cp37-abi3-manylinux_2_17_aarch64.manylinux2014_aarch64.whl", hash = "sha256:b15492a11f9e1b62ba9d73c210e2416724633167de94607ec6069ef724fad092", size = 3922710 },
    { url = "https://files.pythonhosted.org/packages/5f/58/3b14bf39f1a0cfd679e753e8647ada56cddbf5acebffe7db90e184c76168/cryptography-44.0.0-cp37-abi3-manylinux_2_17_x86_64.manylinux2014_x86_64.whl", hash = "sha256:831c3c4d0774e488fdc83a1923b49b9957d33287de923d58ebd3cec47a0ae43f", size = 4137546 },
    { url = "https://files.pythonhosted.org/packages/98/65/13d9e76ca19b0ba5603d71ac8424b5694415b348e719db277b5edc985ff5/cryptography-44.0.0-cp37-abi3-manylinux_2_28_aarch64.whl", hash = "sha256:761817a3377ef15ac23cd7834715081791d4ec77f9297ee694ca1ee9c2c7e5eb", size = 3915420 },
    { url = "https://files.pythonhosted.org/packages/b1/07/40fe09ce96b91fc9276a9ad272832ead0fddedcba87f1190372af8e3039c/cryptography-44.0.0-cp37-abi3-manylinux_2_28_x86_64.whl", hash = "sha256:3c672a53c0fb4725a29c303be906d3c1fa99c32f58abe008a82705f9ee96f40b", size = 4154498 },
    { url = "https://files.pythonhosted.org/packages/75/ea/af65619c800ec0a7e4034207aec543acdf248d9bffba0533342d1bd435e1/cryptography-44.0.0-cp37-abi3-manylinux_2_34_aarch64.whl", hash = "sha256:4ac4c9f37eba52cb6fbeaf5b59c152ea976726b865bd4cf87883a7e7006cc543", size = 3932569 },
    { url = "https://files.pythonhosted.org/packages/c7/af/d1deb0c04d59612e3d5e54203159e284d3e7a6921e565bb0eeb6269bdd8a/cryptography-44.0.0-cp37-abi3-musllinux_1_2_aarch64.whl", hash = "sha256:ed3534eb1090483c96178fcb0f8893719d96d5274dfde98aa6add34614e97c8e", size = 4016721 },
    { url = "https://files.pythonhosted.org/packages/bd/69/7ca326c55698d0688db867795134bdfac87136b80ef373aaa42b225d6dd5/cryptography-44.0.0-cp37-abi3-musllinux_1_2_x86_64.whl", hash = "sha256:f3f6fdfa89ee2d9d496e2c087cebef9d4fcbb0ad63c40e821b39f74bf48d9c5e", size = 4240915 },
    { url = "https://files.pythonhosted.org/packages/ef/d4/cae11bf68c0f981e0413906c6dd03ae7fa864347ed5fac40021df1ef467c/cryptography-44.0.0-cp37-abi3-win32.whl", hash = "sha256:eb33480f1bad5b78233b0ad3e1b0be21e8ef1da745d8d2aecbb20671658b9053", size = 2757925 },
    { url = "https://files.pythonhosted.org/packages/64/b1/50d7739254d2002acae64eed4fc43b24ac0cc44bf0a0d388d1ca06ec5bb1/cryptography-44.0.0-cp37-abi3-win_amd64.whl", hash = "sha256:abc998e0c0eee3c8a1904221d3f67dcfa76422b23620173e28c11d3e626c21bd", size = 3202055 },
    { url = "https://files.pythonhosted.org/packages/11/18/61e52a3d28fc1514a43b0ac291177acd1b4de00e9301aaf7ef867076ff8a/cryptography-44.0.0-cp39-abi3-macosx_10_9_universal2.whl", hash = "sha256:660cb7312a08bc38be15b696462fa7cc7cd85c3ed9c576e81f4dc4d8b2b31591", size = 6542801 },
    { url = "https://files.pythonhosted.org/packages/1a/07/5f165b6c65696ef75601b781a280fc3b33f1e0cd6aa5a92d9fb96c410e97/cryptography-44.0.0-cp39-abi3-manylinux_2_17_aarch64.manylinux2014_aarch64.whl", hash = "sha256:1923cb251c04be85eec9fda837661c67c1049063305d6be5721643c22dd4e2b7", size = 3922613 },
    { url = "https://files.pythonhosted.org/packages/28/34/6b3ac1d80fc174812486561cf25194338151780f27e438526f9c64e16869/cryptography-44.0.0-cp39-abi3-manylinux_2_17_x86_64.manylinux2014_x86_64.whl", hash = "sha256:404fdc66ee5f83a1388be54300ae978b2efd538018de18556dde92575e05defc", size = 4137925 },
    { url = "https://files.pythonhosted.org/packages/d0/c7/c656eb08fd22255d21bc3129625ed9cd5ee305f33752ef2278711b3fa98b/cryptography-44.0.0-cp39-abi3-manylinux_2_28_aarch64.whl", hash = "sha256:c5eb858beed7835e5ad1faba59e865109f3e52b3783b9ac21e7e47dc5554e289", size = 3915417 },
    { url = "https://files.pythonhosted.org/packages/ef/82/72403624f197af0db6bac4e58153bc9ac0e6020e57234115db9596eee85d/cryptography-44.0.0-cp39-abi3-manylinux_2_28_x86_64.whl", hash = "sha256:f53c2c87e0fb4b0c00fa9571082a057e37690a8f12233306161c8f4b819960b7", size = 4155160 },
    { url = "https://files.pythonhosted.org/packages/a2/cd/2f3c440913d4329ade49b146d74f2e9766422e1732613f57097fea61f344/cryptography-44.0.0-cp39-abi3-manylinux_2_34_aarch64.whl", hash = "sha256:9e6fc8a08e116fb7c7dd1f040074c9d7b51d74a8ea40d4df2fc7aa08b76b9e6c", size = 3932331 },
    { url = "https://files.pythonhosted.org/packages/7f/df/8be88797f0a1cca6e255189a57bb49237402b1880d6e8721690c5603ac23/cryptography-44.0.0-cp39-abi3-musllinux_1_2_aarch64.whl", hash = "sha256:d2436114e46b36d00f8b72ff57e598978b37399d2786fd39793c36c6d5cb1c64", size = 4017372 },
    { url = "https://files.pythonhosted.org/packages/af/36/5ccc376f025a834e72b8e52e18746b927f34e4520487098e283a719c205e/cryptography-44.0.0-cp39-abi3-musllinux_1_2_x86_64.whl", hash = "sha256:a01956ddfa0a6790d594f5b34fc1bfa6098aca434696a03cfdbe469b8ed79285", size = 4239657 },
    { url = "https://files.pythonhosted.org/packages/46/b0/f4f7d0d0bcfbc8dd6296c1449be326d04217c57afb8b2594f017eed95533/cryptography-44.0.0-cp39-abi3-win32.whl", hash = "sha256:eca27345e1214d1b9f9490d200f9db5a874479be914199194e746c893788d417", size = 2758672 },
    { url = "https://files.pythonhosted.org/packages/97/9b/443270b9210f13f6ef240eff73fd32e02d381e7103969dc66ce8e89ee901/cryptography-44.0.0-cp39-abi3-win_amd64.whl", hash = "sha256:708ee5f1bafe76d041b53a4f95eb28cdeb8d18da17e597d46d7833ee59b97ede", size = 3202071 },
]

[[package]]
name = "fasteda"
version = "0.1.0"
source = { editable = "." }
dependencies = [
    { name = "jwcrypto" },
    { name = "pydantic" },
]

[package.dev-dependencies]
dev = [
    { name = "mypy" },
    { name = "ruff" },
]

[package.metadata]
requires-dist = [
    { name = "jwcrypto", specifier = ">=1.5.6" },
    { name = "pydantic", specifier = ">=2.10.3" },
]

[package.metadata.requires-dev]
dev = [
    { name = "mypy", specifier = ">=1.13.0" },
    { name = "ruff", specifier = ">=0.8.3" },
]

[[package]]
name = "jwcrypto"
version = "1.5.6"
source = { registry = "https://pypi.org/simple" }
dependencies = [
    { name = "cryptography" },
    { name = "typing-extensions" },
]
sdist = { url = "https://files.pythonhosted.org/packages/e1/db/870e5d5fb311b0bcf049630b5ba3abca2d339fd5e13ba175b4c13b456d08/jwcrypto-1.5.6.tar.gz", hash = "sha256:771a87762a0c081ae6166958a954f80848820b2ab066937dc8b8379d65b1b039", size = 87168 }
wheels = [
    { url = "https://files.pythonhosted.org/packages/cd/58/4a1880ea64032185e9ae9f63940c9327c6952d5584ea544a8f66972f2fda/jwcrypto-1.5.6-py3-none-any.whl", hash = "sha256:150d2b0ebbdb8f40b77f543fb44ffd2baeff48788be71f67f03566692fd55789", size = 92520 },
]

[[package]]
name = "mypy"
version = "1.13.0"
source = { registry = "https://pypi.org/simple" }
dependencies = [
    { name = "mypy-extensions" },
    { name = "typing-extensions" },
]
sdist = { url = "https://files.pythonhosted.org/packages/e8/21/7e9e523537991d145ab8a0a2fd98548d67646dc2aaaf6091c31ad883e7c1/mypy-1.13.0.tar.gz", hash = "sha256:0291a61b6fbf3e6673e3405cfcc0e7650bebc7939659fdca2702958038bd835e", size = 3152532 }
wheels = [
    { url = "https://files.pythonhosted.org/packages/fb/31/c526a7bd2e5c710ae47717c7a5f53f616db6d9097caf48ad650581e81748/mypy-1.13.0-cp312-cp312-macosx_10_13_x86_64.whl", hash = "sha256:5c7051a3461ae84dfb5dd15eff5094640c61c5f22257c8b766794e6dd85e72d5", size = 11077900 },
    { url = "https://files.pythonhosted.org/packages/83/67/b7419c6b503679d10bd26fc67529bc6a1f7a5f220bbb9f292dc10d33352f/mypy-1.13.0-cp312-cp312-macosx_11_0_arm64.whl", hash = "sha256:39bb21c69a5d6342f4ce526e4584bc5c197fd20a60d14a8624d8743fffb9472e", size = 10074818 },
    { url = "https://files.pythonhosted.org/packages/ba/07/37d67048786ae84e6612575e173d713c9a05d0ae495dde1e68d972207d98/mypy-1.13.0-cp312-cp312-manylinux_2_17_x86_64.manylinux2014_x86_64.manylinux_2_28_x86_64.whl", hash = "sha256:164f28cb9d6367439031f4c81e84d3ccaa1e19232d9d05d37cb0bd880d3f93c2", size = 12589275 },
    { url = "https://files.pythonhosted.org/packages/1f/17/b1018c6bb3e9f1ce3956722b3bf91bff86c1cefccca71cec05eae49d6d41/mypy-1.13.0-cp312-cp312-musllinux_1_1_x86_64.whl", hash = "sha256:a4c1bfcdbce96ff5d96fc9b08e3831acb30dc44ab02671eca5953eadad07d6d0", size = 13037783 },
    { url = "https://files.pythonhosted.org/packages/cb/32/cd540755579e54a88099aee0287086d996f5a24281a673f78a0e14dba150/mypy-1.13.0-cp312-cp312-win_amd64.whl", hash = "sha256:a0affb3a79a256b4183ba09811e3577c5163ed06685e4d4b46429a271ba174d2", size = 9726197 },
    { url = "https://files.pythonhosted.org/packages/11/bb/ab4cfdc562cad80418f077d8be9b4491ee4fb257440da951b85cbb0a639e/mypy-1.13.0-cp313-cp313-macosx_10_13_x86_64.whl", hash = "sha256:a7b44178c9760ce1a43f544e595d35ed61ac2c3de306599fa59b38a6048e1aa7", size = 11069721 },
    { url = "https://files.pythonhosted.org/packages/59/3b/a393b1607cb749ea2c621def5ba8c58308ff05e30d9dbdc7c15028bca111/mypy-1.13.0-cp313-cp313-macosx_11_0_arm64.whl", hash = "sha256:5d5092efb8516d08440e36626f0153b5006d4088c1d663d88bf79625af3d1d62", size = 10063996 },
    { url = "https://files.pythonhosted.org/packages/d1/1f/6b76be289a5a521bb1caedc1f08e76ff17ab59061007f201a8a18cc514d1/mypy-1.13.0-cp313-cp313-manylinux_2_17_x86_64.manylinux2014_x86_64.manylinux_2_28_x86_64.whl", hash = "sha256:de2904956dac40ced10931ac967ae63c5089bd498542194b436eb097a9f77bc8", size = 12584043 },
    { url = "https://files.pythonhosted.org/packages/a6/83/5a85c9a5976c6f96e3a5a7591aa28b4a6ca3a07e9e5ba0cec090c8b596d6/mypy-1.13.0-cp313-cp313-musllinux_1_1_x86_64.whl", hash = "sha256:7bfd8836970d33c2105562650656b6846149374dc8ed77d98424b40b09340ba7", size = 13036996 },
    { url = "https://files.pythonhosted.org/packages/b4/59/c39a6f752f1f893fccbcf1bdd2aca67c79c842402b5283563d006a67cf76/mypy-1.13.0-cp313-cp313-win_amd64.whl", hash = "sha256:9f73dba9ec77acb86457a8fc04b5239822df0c14a082564737833d2963677dbc", size = 9737709 },
    { url = "https://files.pythonhosted.org/packages/3b/86/72ce7f57431d87a7ff17d442f521146a6585019eb8f4f31b7c02801f78ad/mypy-1.13.0-py3-none-any.whl", hash = "sha256:9c250883f9fd81d212e0952c92dbfcc96fc237f4b7c92f56ac81fd48460b3e5a", size = 2647043 },
]

[[package]]
name = "mypy-extensions"
version = "1.0.0"
source = { registry = "https://pypi.org/simple" }
sdist = { url = "https://files.pythonhosted.org/packages/98/a4/1ab47638b92648243faf97a5aeb6ea83059cc3624972ab6b8d2316078d3f/mypy_extensions-1.0.0.tar.gz", hash = "sha256:75dbf8955dc00442a438fc4d0666508a9a97b6bd41aa2f0ffe9d2f2725af0782", size = 4433 }
wheels = [
    { url = "https://files.pythonhosted.org/packages/2a/e2/5d3f6ada4297caebe1a2add3b126fe800c96f56dbe5d1988a2cbe0b267aa/mypy_extensions-1.0.0-py3-none-any.whl", hash = "sha256:4392f6c0eb8a5668a69e23d168ffa70f0be9ccfd32b5cc2d26a34ae5b844552d", size = 4695 },
]

[[package]]
name = "pycparser"
version = "2.22"
source = { registry = "https://pypi.org/simple" }
sdist = { url = "https://files.pythonhosted.org/packages/1d/b2/31537cf4b1ca988837256c910a668b553fceb8f069bedc4b1c826024b52c/pycparser-2.22.tar.gz", hash = "sha256:491c8be9c040f5390f5bf44a5b07752bd07f56edf992381b05c701439eec10f6", size = 172736 }
wheels = [
    { url = "https://files.pythonhosted.org/packages/13/a3/a812df4e2dd5696d1f351d58b8fe16a405b234ad2886a0dab9183fb78109/pycparser-2.22-py3-none-any.whl", hash = "sha256:c3702b6d3dd8c7abc1afa565d7e63d53a1d0bd86cdc24edd75470f4de499cfcc", size = 117552 },
]

[[package]]
name = "pydantic"
version = "2.10.3"
source = { registry = "https://pypi.org/simple" }
dependencies = [
    { name = "annotated-types" },
    { name = "pydantic-core" },
    { name = "typing-extensions" },
]
sdist = { url = "https://files.pythonhosted.org/packages/45/0f/27908242621b14e649a84e62b133de45f84c255eecb350ab02979844a788/pydantic-2.10.3.tar.gz", hash = "sha256:cb5ac360ce894ceacd69c403187900a02c4b20b693a9dd1d643e1effab9eadf9", size = 786486 }
wheels = [
    { url = "https://files.pythonhosted.org/packages/62/51/72c18c55cf2f46ff4f91ebcc8f75aa30f7305f3d726be3f4ebffb4ae972b/pydantic-2.10.3-py3-none-any.whl", hash = "sha256:be04d85bbc7b65651c5f8e6b9976ed9c6f41782a55524cef079a34a0bb82144d", size = 456997 },
]

[[package]]
name = "pydantic-core"
version = "2.27.1"
source = { registry = "https://pypi.org/simple" }
dependencies = [
    { name = "typing-extensions" },
]
sdist = { url = "https://files.pythonhosted.org/packages/a6/9f/7de1f19b6aea45aeb441838782d68352e71bfa98ee6fa048d5041991b33e/pydantic_core-2.27.1.tar.gz", hash = "sha256:62a763352879b84aa31058fc931884055fd75089cccbd9d58bb6afd01141b235", size = 412785 }
wheels = [
    { url = "https://files.pythonhosted.org/packages/be/51/2e9b3788feb2aebff2aa9dfbf060ec739b38c05c46847601134cc1fed2ea/pydantic_core-2.27.1-cp312-cp312-macosx_10_12_x86_64.whl", hash = "sha256:9cbd94fc661d2bab2bc702cddd2d3370bbdcc4cd0f8f57488a81bcce90c7a54f", size = 1895239 },
    { url = "https://files.pythonhosted.org/packages/7b/9e/f8063952e4a7d0127f5d1181addef9377505dcce3be224263b25c4f0bfd9/pydantic_core-2.27.1-cp312-cp312-macosx_11_0_arm64.whl", hash = "sha256:5f8c4718cd44ec1580e180cb739713ecda2bdee1341084c1467802a417fe0f02", size = 1805070 },
    { url = "https://files.pythonhosted.org/packages/2c/9d/e1d6c4561d262b52e41b17a7ef8301e2ba80b61e32e94520271029feb5d8/pydantic_core-2.27.1-cp312-cp312-manylinux_2_17_aarch64.manylinux2014_aarch64.whl", hash = "sha256:15aae984e46de8d376df515f00450d1522077254ef6b7ce189b38ecee7c9677c", size = 1828096 },
    { url = "https://files.pythonhosted.org/packages/be/65/80ff46de4266560baa4332ae3181fffc4488ea7d37282da1a62d10ab89a4/pydantic_core-2.27.1-cp312-cp312-manylinux_2_17_armv7l.manylinux2014_armv7l.whl", hash = "sha256:1ba5e3963344ff25fc8c40da90f44b0afca8cfd89d12964feb79ac1411a260ac", size = 1857708 },
    { url = "https://files.pythonhosted.org/packages/d5/ca/3370074ad758b04d9562b12ecdb088597f4d9d13893a48a583fb47682cdf/pydantic_core-2.27.1-cp312-cp312-manylinux_2_17_ppc64le.manylinux2014_ppc64le.whl", hash = "sha256:992cea5f4f3b29d6b4f7f1726ed8ee46c8331c6b4eed6db5b40134c6fe1768bb", size = 2037751 },
    { url = "https://files.pythonhosted.org/packages/b1/e2/4ab72d93367194317b99d051947c071aef6e3eb95f7553eaa4208ecf9ba4/pydantic_core-2.27.1-cp312-cp312-manylinux_2_17_s390x.manylinux2014_s390x.whl", hash = "sha256:0325336f348dbee6550d129b1627cb8f5351a9dc91aad141ffb96d4937bd9529", size = 2733863 },
    { url = "https://files.pythonhosted.org/packages/8a/c6/8ae0831bf77f356bb73127ce5a95fe115b10f820ea480abbd72d3cc7ccf3/pydantic_core-2.27.1-cp312-cp312-manylinux_2_17_x86_64.manylinux2014_x86_64.whl", hash = "sha256:7597c07fbd11515f654d6ece3d0e4e5093edc30a436c63142d9a4b8e22f19c35", size = 2161161 },
    { url = "https://files.pythonhosted.org/packages/f1/f4/b2fe73241da2429400fc27ddeaa43e35562f96cf5b67499b2de52b528cad/pydantic_core-2.27.1-cp312-cp312-manylinux_2_5_i686.manylinux1_i686.whl", hash = "sha256:3bbd5d8cc692616d5ef6fbbbd50dbec142c7e6ad9beb66b78a96e9c16729b089", size = 1993294 },
    { url = "https://files.pythonhosted.org/packages/77/29/4bb008823a7f4cc05828198153f9753b3bd4c104d93b8e0b1bfe4e187540/pydantic_core-2.27.1-cp312-cp312-musllinux_1_1_aarch64.whl", hash = "sha256:dc61505e73298a84a2f317255fcc72b710b72980f3a1f670447a21efc88f8381", size = 2001468 },
    { url = "https://files.pythonhosted.org/packages/f2/a9/0eaceeba41b9fad851a4107e0cf999a34ae8f0d0d1f829e2574f3d8897b0/pydantic_core-2.27.1-cp312-cp312-musllinux_1_1_armv7l.whl", hash = "sha256:e1f735dc43da318cad19b4173dd1ffce1d84aafd6c9b782b3abc04a0d5a6f5bb", size = 2091413 },
    { url = "https://files.pythonhosted.org/packages/d8/36/eb8697729725bc610fd73940f0d860d791dc2ad557faaefcbb3edbd2b349/pydantic_core-2.27.1-cp312-cp312-musllinux_1_1_x86_64.whl", hash = "sha256:f4e5658dbffe8843a0f12366a4c2d1c316dbe09bb4dfbdc9d2d9cd6031de8aae", size = 2154735 },
    { url = "https://files.pythonhosted.org/packages/52/e5/4f0fbd5c5995cc70d3afed1b5c754055bb67908f55b5cb8000f7112749bf/pydantic_core-2.27.1-cp312-none-win32.whl", hash = "sha256:672ebbe820bb37988c4d136eca2652ee114992d5d41c7e4858cdd90ea94ffe5c", size = 1833633 },
    { url = "https://files.pythonhosted.org/packages/ee/f2/c61486eee27cae5ac781305658779b4a6b45f9cc9d02c90cb21b940e82cc/pydantic_core-2.27.1-cp312-none-win_amd64.whl", hash = "sha256:66ff044fd0bb1768688aecbe28b6190f6e799349221fb0de0e6f4048eca14c16", size = 1986973 },
    { url = "https://files.pythonhosted.org/packages/df/a6/e3f12ff25f250b02f7c51be89a294689d175ac76e1096c32bf278f29ca1e/pydantic_core-2.27.1-cp312-none-win_arm64.whl", hash = "sha256:9a3b0793b1bbfd4146304e23d90045f2a9b5fd5823aa682665fbdaf2a6c28f3e", size = 1883215 },
    { url = "https://files.pythonhosted.org/packages/0f/d6/91cb99a3c59d7b072bded9959fbeab0a9613d5a4935773c0801f1764c156/pydantic_core-2.27.1-cp313-cp313-macosx_10_12_x86_64.whl", hash = "sha256:f216dbce0e60e4d03e0c4353c7023b202d95cbaeff12e5fd2e82ea0a66905073", size = 1895033 },
    { url = "https://files.pythonhosted.org/packages/07/42/d35033f81a28b27dedcade9e967e8a40981a765795c9ebae2045bcef05d3/pydantic_core-2.27.1-cp313-cp313-macosx_11_0_arm64.whl", hash = "sha256:a2e02889071850bbfd36b56fd6bc98945e23670773bc7a76657e90e6b6603c08", size = 1807542 },
    { url = "https://files.pythonhosted.org/packages/41/c2/491b59e222ec7e72236e512108ecad532c7f4391a14e971c963f624f7569/pydantic_core-2.27.1-cp313-cp313-manylinux_2_17_aarch64.manylinux2014_aarch64.whl", hash = "sha256:42b0e23f119b2b456d07ca91b307ae167cc3f6c846a7b169fca5326e32fdc6cf", size = 1827854 },
    { url = "https://files.pythonhosted.org/packages/e3/f3/363652651779113189cefdbbb619b7b07b7a67ebb6840325117cc8cc3460/pydantic_core-2.27.1-cp313-cp313-manylinux_2_17_armv7l.manylinux2014_armv7l.whl", hash = "sha256:764be71193f87d460a03f1f7385a82e226639732214b402f9aa61f0d025f0737", size = 1857389 },
    { url = "https://files.pythonhosted.org/packages/5f/97/be804aed6b479af5a945daec7538d8bf358d668bdadde4c7888a2506bdfb/pydantic_core-2.27.1-cp313-cp313-manylinux_2_17_ppc64le.manylinux2014_ppc64le.whl", hash = "sha256:1c00666a3bd2f84920a4e94434f5974d7bbc57e461318d6bb34ce9cdbbc1f6b2", size = 2037934 },
    { url = "https://files.pythonhosted.org/packages/42/01/295f0bd4abf58902917e342ddfe5f76cf66ffabfc57c2e23c7681a1a1197/pydantic_core-2.27.1-cp313-cp313-manylinux_2_17_s390x.manylinux2014_s390x.whl", hash = "sha256:3ccaa88b24eebc0f849ce0a4d09e8a408ec5a94afff395eb69baf868f5183107", size = 2735176 },
    { url = "https://files.pythonhosted.org/packages/9d/a0/cd8e9c940ead89cc37812a1a9f310fef59ba2f0b22b4e417d84ab09fa970/pydantic_core-2.27.1-cp313-cp313-manylinux_2_17_x86_64.manylinux2014_x86_64.whl", hash = "sha256:c65af9088ac534313e1963443d0ec360bb2b9cba6c2909478d22c2e363d98a51", size = 2160720 },
    { url = "https://files.pythonhosted.org/packages/73/ae/9d0980e286627e0aeca4c352a60bd760331622c12d576e5ea4441ac7e15e/pydantic_core-2.27.1-cp313-cp313-manylinux_2_5_i686.manylinux1_i686.whl", hash = "sha256:206b5cf6f0c513baffaeae7bd817717140770c74528f3e4c3e1cec7871ddd61a", size = 1992972 },
    { url = "https://files.pythonhosted.org/packages/bf/ba/ae4480bc0292d54b85cfb954e9d6bd226982949f8316338677d56541b85f/pydantic_core-2.27.1-cp313-cp313-musllinux_1_1_aarch64.whl", hash = "sha256:062f60e512fc7fff8b8a9d680ff0ddaaef0193dba9fa83e679c0c5f5fbd018bc", size = 2001477 },
    { url = "https://files.pythonhosted.org/packages/55/b7/e26adf48c2f943092ce54ae14c3c08d0d221ad34ce80b18a50de8ed2cba8/pydantic_core-2.27.1-cp313-cp313-musllinux_1_1_armv7l.whl", hash = "sha256:a0697803ed7d4af5e4c1adf1670af078f8fcab7a86350e969f454daf598c4960", size = 2091186 },
    { url = "https://files.pythonhosted.org/packages/ba/cc/8491fff5b608b3862eb36e7d29d36a1af1c945463ca4c5040bf46cc73f40/pydantic_core-2.27.1-cp313-cp313-musllinux_1_1_x86_64.whl", hash = "sha256:58ca98a950171f3151c603aeea9303ef6c235f692fe555e883591103da709b23", size = 2154429 },
    { url = "https://files.pythonhosted.org/packages/78/d8/c080592d80edd3441ab7f88f865f51dae94a157fc64283c680e9f32cf6da/pydantic_core-2.27.1-cp313-none-win32.whl", hash = "sha256:8065914ff79f7eab1599bd80406681f0ad08f8e47c880f17b416c9f8f7a26d05", size = 1833713 },
    { url = "https://files.pythonhosted.org/packages/83/84/5ab82a9ee2538ac95a66e51f6838d6aba6e0a03a42aa185ad2fe404a4e8f/pydantic_core-2.27.1-cp313-none-win_amd64.whl", hash = "sha256:ba630d5e3db74c79300d9a5bdaaf6200172b107f263c98a0539eeecb857b2337", size = 1987897 },
    { url = "https://files.pythonhosted.org/packages/df/c3/b15fb833926d91d982fde29c0624c9f225da743c7af801dace0d4e187e71/pydantic_core-2.27.1-cp313-none-win_arm64.whl", hash = "sha256:45cf8588c066860b623cd11c4ba687f8d7175d5f7ef65f7129df8a394c502de5", size = 1882983 },
]

[[package]]
name = "ruff"
version = "0.8.3"
source = { registry = "https://pypi.org/simple" }
sdist = { url = "https://files.pythonhosted.org/packages/bf/5e/683c7ef7a696923223e7d95ca06755d6e2acbc5fd8382b2912a28008137c/ruff-0.8.3.tar.gz", hash = "sha256:5e7558304353b84279042fc584a4f4cb8a07ae79b2bf3da1a7551d960b5626d3", size = 3378522 }
wheels = [
    { url = "https://files.pythonhosted.org/packages/f8/c4/bfdbb8b9c419ff3b52479af8581026eeaac3764946fdb463dec043441b7d/ruff-0.8.3-py3-none-linux_armv6l.whl", hash = "sha256:8d5d273ffffff0acd3db5bf626d4b131aa5a5ada1276126231c4174543ce20d6", size = 10535860 },
    { url = "https://files.pythonhosted.org/packages/ef/c5/0aabdc9314b4b6f051168ac45227e2aa8e1c6d82718a547455e40c9c9faa/ruff-0.8.3-py3-none-macosx_10_12_x86_64.whl", hash = "sha256:e4d66a21de39f15c9757d00c50c8cdd20ac84f55684ca56def7891a025d7e939", size = 10346327 },
    { url = "https://files.pythonhosted.org/packages/1a/78/4843a59e7e7b398d6019cf91ab06502fd95397b99b2b858798fbab9151f5/ruff-0.8.3-py3-none-macosx_11_0_arm64.whl", hash = "sha256:c356e770811858bd20832af696ff6c7e884701115094f427b64b25093d6d932d", size = 9942585 },
    { url = "https://files.pythonhosted.org/packages/91/5a/642ed8f1ba23ffc2dd347697e01eef3c42fad6ac76603be4a8c3a9d6311e/ruff-0.8.3-py3-none-manylinux_2_17_aarch64.manylinux2014_aarch64.whl", hash = "sha256:9c0a60a825e3e177116c84009d5ebaa90cf40dfab56e1358d1df4e29a9a14b13", size = 10797597 },
    { url = "https://files.pythonhosted.org/packages/30/25/2e654bc7226da09a49730a1a2ea6e89f843b362db80b4b2a7a4f948ac986/ruff-0.8.3-py3-none-manylinux_2_17_armv7l.manylinux2014_armv7l.whl", hash = "sha256:75fb782f4db39501210ac093c79c3de581d306624575eddd7e4e13747e61ba18", size = 10307244 },
    { url = "https://files.pythonhosted.org/packages/c0/2d/a224d56bcd4383583db53c2b8f410ebf1200866984aa6eb9b5a70f04e71f/ruff-0.8.3-py3-none-manylinux_2_17_i686.manylinux2014_i686.whl", hash = "sha256:7f26bc76a133ecb09a38b7868737eded6941b70a6d34ef53a4027e83913b6502", size = 11362439 },
    { url = "https://files.pythonhosted.org/packages/82/01/03e2857f9c371b8767d3e909f06a33bbdac880df17f17f93d6f6951c3381/ruff-0.8.3-py3-none-manylinux_2_17_ppc64.manylinux2014_ppc64.whl", hash = "sha256:01b14b2f72a37390c1b13477c1c02d53184f728be2f3ffc3ace5b44e9e87b90d", size = 12078538 },
    { url = "https://files.pythonhosted.org/packages/af/ae/ff7f97b355da16d748ceec50e1604a8215d3659b36b38025a922e0612e9b/ruff-0.8.3-py3-none-manylinux_2_17_ppc64le.manylinux2014_ppc64le.whl", hash = "sha256:53babd6e63e31f4e96ec95ea0d962298f9f0d9cc5990a1bbb023a6baf2503a82", size = 11616172 },
    { url = "https://files.pythonhosted.org/packages/6a/d0/6156d4d1e53ebd17747049afe801c5d7e3014d9b2f398b9236fe36ba4320/ruff-0.8.3-py3-none-manylinux_2_17_s390x.manylinux2014_s390x.whl", hash = "sha256:1ae441ce4cf925b7f363d33cd6570c51435972d697e3e58928973994e56e1452", size = 12919886 },
    { url = "https://files.pythonhosted.org/packages/4e/84/affcb30bacb94f6036a128ad5de0e29f543d3f67ee42b490b17d68e44b8a/ruff-0.8.3-py3-none-manylinux_2_17_x86_64.manylinux2014_x86_64.whl", hash = "sha256:d7c65bc0cadce32255e93c57d57ecc2cca23149edd52714c0c5d6fa11ec328cd", size = 11212599 },
    { url = "https://files.pythonhosted.org/packages/60/b9/5694716bdefd8f73df7c0104334156c38fb0f77673d2966a5a1345bab94d/ruff-0.8.3-py3-none-musllinux_1_2_aarch64.whl", hash = "sha256:5be450bb18f23f0edc5a4e5585c17a56ba88920d598f04a06bd9fd76d324cb20", size = 10784637 },
    { url = "https://files.pythonhosted.org/packages/24/7e/0e8f835103ac7da81c3663eedf79dec8359e9ae9a3b0d704bae50be59176/ruff-0.8.3-py3-none-musllinux_1_2_armv7l.whl", hash = "sha256:8faeae3827eaa77f5721f09b9472a18c749139c891dbc17f45e72d8f2ca1f8fc", size = 10390591 },
    { url = "https://files.pythonhosted.org/packages/27/da/180ec771fc01c004045962ce017ca419a0281f4bfaf867ed0020f555b56e/ruff-0.8.3-py3-none-musllinux_1_2_i686.whl", hash = "sha256:db503486e1cf074b9808403991663e4277f5c664d3fe237ee0d994d1305bb060", size = 10894298 },
    { url = "https://files.pythonhosted.org/packages/6d/f8/29f241742ed3954eb2222314b02db29f531a15cab3238d1295e8657c5f18/ruff-0.8.3-py3-none-musllinux_1_2_x86_64.whl", hash = "sha256:6567be9fb62fbd7a099209257fef4ad2c3153b60579818b31a23c886ed4147ea", size = 11275965 },
    { url = "https://files.pythonhosted.org/packages/79/e9/5b81dc9afc8a80884405b230b9429efeef76d04caead904bd213f453b973/ruff-0.8.3-py3-none-win32.whl", hash = "sha256:19048f2f878f3ee4583fc6cb23fb636e48c2635e30fb2022b3a1cd293402f964", size = 8807651 },
    { url = "https://files.pythonhosted.org/packages/ea/67/7291461066007617b59a707887b90e319b6a043c79b4d19979f86b7a20e7/ruff-0.8.3-py3-none-win_amd64.whl", hash = "sha256:f7df94f57d7418fa7c3ffb650757e0c2b96cf2501a0b192c18e4fb5571dfada9", size = 9625289 },
    { url = "https://files.pythonhosted.org/packages/03/8f/e4fa95288b81233356d9a9dcaed057e5b0adc6399aa8fd0f6d784041c9c3/ruff-0.8.3-py3-none-win_arm64.whl", hash = "sha256:fe2756edf68ea79707c8d68b78ca9a58ed9af22e430430491ee03e718b5e4936", size = 9078754 },
]

[[package]]
name = "typing-extensions"
version = "4.12.2"
source = { registry = "https://pypi.org/simple" }
sdist = { url = "https://files.pythonhosted.org/packages/df/db/f35a00659bc03fec321ba8bce9420de607a1d37f8342eee1863174c69557/typing_extensions-4.12.2.tar.gz", hash = "sha256:1a7ead55c7e559dd4dee8856e3a88b41225abfe1ce8df57b7c13915fe121ffb8", size = 85321 }
wheels = [
    { url = "https://files.pythonhosted.org/packages/26/9f/ad63fc0248c5379346306f8668cda6e2e2e9c95e01216d2b8ffd9ff037d0/typing_extensions-4.12.2-py3-none-any.whl", hash = "sha256:04e5ca0351e0f3f85c6853954072df659d0d13fac324d0072316b67d7794700d", size = 37438 },
]
